
Microsoft Visual Studio Solution File, Format Version 12.00
# Visual Studio Version 17
VisualStudioVersion = 17.14.36616.10
MinimumVisualStudioVersion = 10.0.40219.1
Project("{FAE04EC0-301F-11D3-BF4B-00C04F79EFBC}") = "MapaTest", "MapaTest.csproj", "{3904281A-1CF3-47A1-8F8B-C97AA2176B61}"
EndProject
Project("{FAE04EC0-301F-11D3-BF4B-00C04F79EFBC}") = "ArbolGen.Tests", "..\ArbolGen.Tests\ArbolGen.Tests.csproj", "{929027D6-75D9-4839-A23E-29CFDDB33E3F}"
EndProject
Global
	GlobalSection(SolutionConfigurationPlatforms) = preSolution
		Debug|Any CPU = Debug|Any CPU
		Release|Any CPU = Release|Any CPU
	EndGlobalSection
	GlobalSection(ProjectConfigurationPlatforms) = postSolution
		{3904281A-1CF3-47A1-8F8B-C97AA2176B61}.Debug|Any CPU.ActiveCfg = Debug|Any CPU
		{3904281A-1CF3-47A1-8F8B-C97AA2176B61}.Debug|Any CPU.Build.0 = Debug|Any CPU
		{3904281A-1CF3-47A1-8F8B-C97AA2176B61}.Release|Any CPU.ActiveCfg = Release|Any CPU
		{3904281A-1CF3-47A1-8F8B-C97AA2176B61}.Release|Any CPU.Build.0 = Release|Any CPU
		{929027D6-75D9-4839-A23E-29CFDDB33E3F}.Debug|Any CPU.ActiveCfg = Debug|Any CPU
		{929027D6-75D9-4839-A23E-29CFDDB33E3F}.Debug|Any CPU.Build.0 = Debug|Any CPU
		{929027D6-75D9-4839-A23E-29CFDDB33E3F}.Release|Any CPU.ActiveCfg = Release|Any CPU
		{929027D6-75D9-4839-A23E-29CFDDB33E3F}.Release|Any CPU.Build.0 = Release|Any CPU
	EndGlobalSection
	GlobalSection(SolutionProperties) = preSolution
		HideSolutionNode = FALSE
	EndGlobalSection
	GlobalSection(ExtensibilityGlobals) = postSolution
		SolutionGuid = {CF887C96-7527-42E3-90D2-0A672D604730}
	EndGlobalSection
EndGlobal
